
Microsoft Visual Studio Solution File, Format Version 12.00
# Visual Studio Version 17
VisualStudioVersion = 17.7.34009.444
MinimumVisualStudioVersion = 10.0.40219.1
Project("{FAE04EC0-301F-11D3-BF4B-00C04F79EFBC}") = "Panaderia", "Panaderia\Panaderia.csproj", "{B98476F9-0186-4083-B098-310B358B7862}"
EndProject
Global
	GlobalSection(SolutionConfigurationPlatforms) = preSolution
		Debug|Any CPU = Debug|Any CPU
		Release|Any CPU = Release|Any CPU
	EndGlobalSection
	GlobalSection(ProjectConfigurationPlatforms) = postSolution
		{B98476F9-0186-4083-B098-310B358B7862}.Debug|Any CPU.ActiveCfg = Debug|Any CPU
		{B98476F9-0186-4083-B098-310B358B7862}.Debug|Any CPU.Build.0 = Debug|Any CPU
		{B98476F9-0186-4083-B098-310B358B7862}.Release|Any CPU.ActiveCfg = Release|Any CPU
		{B98476F9-0186-4083-B098-310B358B7862}.Release|Any CPU.Build.0 = Release|Any CPU
	EndGlobalSection
	GlobalSection(SolutionProperties) = preSolution
		HideSolutionNode = FALSE
	EndGlobalSection
	GlobalSection(ExtensibilityGlobals) = postSolution
		SolutionGuid = {A0CAF1DA-30E4-422A-8B7C-7AFFC215E2FD}
	EndGlobalSection
EndGlobal
